
Microsoft Visual Studio Solution File, Format Version 12.00
# Visual Studio Version 16
VisualStudioVersion = 16.0.31729.503
MinimumVisualStudioVersion = 10.0.40219.1
Project("{FAE04EC0-301F-11D3-BF4B-00C04F79EFBC}") = "PeloscalvoAPP", "PELOSCALVO\PeloscalvoAPP.csproj", "{2C6921B3-8558-4914-8254-11C9EE505B00}"
EndProject
Project("{2150E333-8FDC-42A3-9474-1A3956D46DE8}") = "Solution Items", "Solution Items", "{28B674CD-7009-4B10-AC9A-21237C2D8871}"
	ProjectSection(SolutionItems) = preProject
		.editorconfig = .editorconfig
	EndProjectSection
EndProject
Project("{FAE04EC0-301F-11D3-BF4B-00C04F79EFBC}") = "Comun", "Comun\Comun.csproj", "{D3CB2CEB-1162-4E51-BCCA-A7A6BDB43768}"
EndProject
Project("{FAE04EC0-301F-11D3-BF4B-00C04F79EFBC}") = "Conexiones", "Conexiones\Conexiones.csproj", "{40C5FCF0-EEFC-4BCA-9717-343E991F6005}"
EndProject
Global
	GlobalSection(SolutionConfigurationPlatforms) = preSolution
		Debug|Any CPU = Debug|Any CPU
		Debug|x86 = Debug|x86
		Release|Any CPU = Release|Any CPU
		Release|x86 = Release|x86
	EndGlobalSection
	GlobalSection(ProjectConfigurationPlatforms) = postSolution
		{2C6921B3-8558-4914-8254-11C9EE505B00}.Debug|Any CPU.ActiveCfg = Debug|Any CPU
		{2C6921B3-8558-4914-8254-11C9EE505B00}.Debug|Any CPU.Build.0 = Debug|Any CPU
		{2C6921B3-8558-4914-8254-11C9EE505B00}.Debug|x86.ActiveCfg = Debug|x86
		{2C6921B3-8558-4914-8254-11C9EE505B00}.Debug|x86.Build.0 = Debug|x86
		{2C6921B3-8558-4914-8254-11C9EE505B00}.Release|Any CPU.ActiveCfg = Release|Any CPU
		{2C6921B3-8558-4914-8254-11C9EE505B00}.Release|Any CPU.Build.0 = Release|Any CPU
		{2C6921B3-8558-4914-8254-11C9EE505B00}.Release|x86.ActiveCfg = Release|x86
		{2C6921B3-8558-4914-8254-11C9EE505B00}.Release|x86.Build.0 = Release|x86
		{D3CB2CEB-1162-4E51-BCCA-A7A6BDB43768}.Debug|Any CPU.ActiveCfg = Debug|Any CPU
		{D3CB2CEB-1162-4E51-BCCA-A7A6BDB43768}.Debug|Any CPU.Build.0 = Debug|Any CPU
		{D3CB2CEB-1162-4E51-BCCA-A7A6BDB43768}.Debug|x86.ActiveCfg = Debug|Any CPU
		{D3CB2CEB-1162-4E51-BCCA-A7A6BDB43768}.Debug|x86.Build.0 = Debug|Any CPU
		{D3CB2CEB-1162-4E51-BCCA-A7A6BDB43768}.Release|Any CPU.ActiveCfg = Release|Any CPU
		{D3CB2CEB-1162-4E51-BCCA-A7A6BDB43768}.Release|Any CPU.Build.0 = Release|Any CPU
		{D3CB2CEB-1162-4E51-BCCA-A7A6BDB43768}.Release|x86.ActiveCfg = Release|Any CPU
		{D3CB2CEB-1162-4E51-BCCA-A7A6BDB43768}.Release|x86.Build.0 = Release|Any CPU
		{40C5FCF0-EEFC-4BCA-9717-343E991F6005}.Debug|Any CPU.ActiveCfg = Debug|Any CPU
		{40C5FCF0-EEFC-4BCA-9717-343E991F6005}.Debug|Any CPU.Build.0 = Debug|Any CPU
		{40C5FCF0-EEFC-4BCA-9717-343E991F6005}.Debug|x86.ActiveCfg = Debug|Any CPU
		{40C5FCF0-EEFC-4BCA-9717-343E991F6005}.Debug|x86.Build.0 = Debug|Any CPU
		{40C5FCF0-EEFC-4BCA-9717-343E991F6005}.Release|Any CPU.ActiveCfg = Release|Any CPU
		{40C5FCF0-EEFC-4BCA-9717-343E991F6005}.Release|Any CPU.Build.0 = Release|Any CPU
		{40C5FCF0-EEFC-4BCA-9717-343E991F6005}.Release|x86.ActiveCfg = Release|Any CPU
		{40C5FCF0-EEFC-4BCA-9717-343E991F6005}.Release|x86.Build.0 = Release|Any CPU
	EndGlobalSection
	GlobalSection(SolutionProperties) = preSolution
		HideSolutionNode = FALSE
	EndGlobalSection
	GlobalSection(ExtensibilityGlobals) = postSolution
		SolutionGuid = {3A453225-21E1-4FFF-84BE-37233632854A}
	EndGlobalSection
EndGlobal
